
Microsoft Visual Studio Solution File, Format Version 12.00
# Visual Studio Version 17
VisualStudioVersion = 17.10.35122.118
MinimumVisualStudioVersion = 10.0.40219.1
Project("{FAE04EC0-301F-11D3-BF4B-00C04F79EFBC}") = "Clicker", "Clicker.csproj", "{7BB6AB05-499E-43F6-8500-8A02D01D1538}"
EndProject
Global
	GlobalSection(SolutionConfigurationPlatforms) = preSolution
		Debug|Any CPU = Debug|Any CPU
		Release|Any CPU = Release|Any CPU
	EndGlobalSection
	GlobalSection(ProjectConfigurationPlatforms) = postSolution
		{7BB6AB05-499E-43F6-8500-8A02D01D1538}.Debug|Any CPU.ActiveCfg = Debug|Any CPU
		{7BB6AB05-499E-43F6-8500-8A02D01D1538}.Debug|Any CPU.Build.0 = Debug|Any CPU
		{7BB6AB05-499E-43F6-8500-8A02D01D1538}.Release|Any CPU.ActiveCfg = Release|Any CPU
		{7BB6AB05-499E-43F6-8500-8A02D01D1538}.Release|Any CPU.Build.0 = Release|Any CPU
	EndGlobalSection
	GlobalSection(SolutionProperties) = preSolution
		HideSolutionNode = FALSE
	EndGlobalSection
	GlobalSection(ExtensibilityGlobals) = postSolution
		SolutionGuid = {D1EE0752-280E-419A-BF03-9CB44E7B355E}
	EndGlobalSection
EndGlobal
